
Microsoft Visual Studio Solution File, Format Version 12.00
# Visual Studio 15
VisualStudioVersion = 15.0.27130.2027
MinimumVisualStudioVersion = 10.0.40219.1
Project("{FAE04EC0-301F-11D3-BF4B-00C04F79EFBC}") = "TW.EatOrNot", "TW.EatOrNot\TW.EatOrNot.csproj", "{5FC92233-B57B-41D0-8BF1-B8B0A151BB88}"
EndProject
Project("{FAE04EC0-301F-11D3-BF4B-00C04F79EFBC}") = "TW.MillyAndRank", "TW.MillyAndRank\TW.MillyAndRank.csproj", "{164AB860-A6EC-4774-88A8-4F2FEA97F00D}"
EndProject
Global
	GlobalSection(SolutionConfigurationPlatforms) = preSolution
		Debug|Any CPU = Debug|Any CPU
		Release|Any CPU = Release|Any CPU
	EndGlobalSection
	GlobalSection(ProjectConfigurationPlatforms) = postSolution
		{5FC92233-B57B-41D0-8BF1-B8B0A151BB88}.Debug|Any CPU.ActiveCfg = Debug|Any CPU
		{5FC92233-B57B-41D0-8BF1-B8B0A151BB88}.Debug|Any CPU.Build.0 = Debug|Any CPU
		{5FC92233-B57B-41D0-8BF1-B8B0A151BB88}.Release|Any CPU.ActiveCfg = Release|Any CPU
		{5FC92233-B57B-41D0-8BF1-B8B0A151BB88}.Release|Any CPU.Build.0 = Release|Any CPU
		{164AB860-A6EC-4774-88A8-4F2FEA97F00D}.Debug|Any CPU.ActiveCfg = Debug|Any CPU
		{164AB860-A6EC-4774-88A8-4F2FEA97F00D}.Debug|Any CPU.Build.0 = Debug|Any CPU
		{164AB860-A6EC-4774-88A8-4F2FEA97F00D}.Release|Any CPU.ActiveCfg = Release|Any CPU
		{164AB860-A6EC-4774-88A8-4F2FEA97F00D}.Release|Any CPU.Build.0 = Release|Any CPU
	EndGlobalSection
	GlobalSection(SolutionProperties) = preSolution
		HideSolutionNode = FALSE
	EndGlobalSection
	GlobalSection(ExtensibilityGlobals) = postSolution
		SolutionGuid = {C7C8C67F-E775-4753-8172-6A284EB00E62}
	EndGlobalSection
EndGlobal
